
Microsoft Visual Studio Solution File, Format Version 12.00
# Visual Studio Version 17
VisualStudioVersion = 17.8.34316.72
MinimumVisualStudioVersion = 10.0.40219.1
Project("{2150E333-8FDC-42A3-9474-1A3956D46DE8}") = "Infrastructure", "Infrastructure", "{ECCFC2C2-F61E-4D2F-8056-10192F237718}"
EndProject
Project("{2150E333-8FDC-42A3-9474-1A3956D46DE8}") = "Services", "Services", "{D7341AE9-8E91-4D93-83E1-C543DDC48954}"
EndProject
Project("{9A19103F-16F7-4668-BE54-9A1E7A4F7556}") = "CarDealership.Contracts", "CarDealership.Contracts\CarDealership.Contracts.csproj", "{A10E1956-964C-4C32-B12B-6782F5E9160B}"
EndProject
Project("{9A19103F-16F7-4668-BE54-9A1E7A4F7556}") = "CarDealership.Infrastructure", "CarDealership.Infrastructure\CarDealership.Infrastructure.csproj", "{BF1E845A-C1B0-4B78-869E-C0116F2C8A71}"
EndProject
Project("{9A19103F-16F7-4668-BE54-9A1E7A4F7556}") = "CarDealership.Warehouse", "CarDealership.Warehouse\CarDealership.Warehouse.csproj", "{7F1527A2-0B77-485F-991D-7AE9FA7519EA}"
EndProject
Project("{FAE04EC0-301F-11D3-BF4B-00C04F79EFBC}") = "CarDealership.UserAdministration", "CarDealership.UserAdministration\CarDealership.UserAdministration.csproj", "{F8908330-81AC-4DC1-9D11-40C09F4E8ED2}"
EndProject
Project("{FAE04EC0-301F-11D3-BF4B-00C04F79EFBC}") = "CarDealership.CarDealership", "CarDealership.CarDealership\CarDealership.CarDealership.csproj", "{45A29554-DCC7-42A8-951B-05C8CADA2847}"
EndProject
Global
	GlobalSection(SolutionConfigurationPlatforms) = preSolution
		Debug|Any CPU = Debug|Any CPU
		Release|Any CPU = Release|Any CPU
	EndGlobalSection
	GlobalSection(ProjectConfigurationPlatforms) = postSolution
		{A10E1956-964C-4C32-B12B-6782F5E9160B}.Debug|Any CPU.ActiveCfg = Debug|Any CPU
		{A10E1956-964C-4C32-B12B-6782F5E9160B}.Debug|Any CPU.Build.0 = Debug|Any CPU
		{A10E1956-964C-4C32-B12B-6782F5E9160B}.Release|Any CPU.ActiveCfg = Release|Any CPU
		{A10E1956-964C-4C32-B12B-6782F5E9160B}.Release|Any CPU.Build.0 = Release|Any CPU
		{BF1E845A-C1B0-4B78-869E-C0116F2C8A71}.Debug|Any CPU.ActiveCfg = Debug|Any CPU
		{BF1E845A-C1B0-4B78-869E-C0116F2C8A71}.Debug|Any CPU.Build.0 = Debug|Any CPU
		{BF1E845A-C1B0-4B78-869E-C0116F2C8A71}.Release|Any CPU.ActiveCfg = Release|Any CPU
		{BF1E845A-C1B0-4B78-869E-C0116F2C8A71}.Release|Any CPU.Build.0 = Release|Any CPU
		{7F1527A2-0B77-485F-991D-7AE9FA7519EA}.Debug|Any CPU.ActiveCfg = Debug|Any CPU
		{7F1527A2-0B77-485F-991D-7AE9FA7519EA}.Debug|Any CPU.Build.0 = Debug|Any CPU
		{7F1527A2-0B77-485F-991D-7AE9FA7519EA}.Release|Any CPU.ActiveCfg = Release|Any CPU
		{7F1527A2-0B77-485F-991D-7AE9FA7519EA}.Release|Any CPU.Build.0 = Release|Any CPU
		{F8908330-81AC-4DC1-9D11-40C09F4E8ED2}.Debug|Any CPU.ActiveCfg = Debug|Any CPU
		{F8908330-81AC-4DC1-9D11-40C09F4E8ED2}.Debug|Any CPU.Build.0 = Debug|Any CPU
		{F8908330-81AC-4DC1-9D11-40C09F4E8ED2}.Release|Any CPU.ActiveCfg = Release|Any CPU
		{F8908330-81AC-4DC1-9D11-40C09F4E8ED2}.Release|Any CPU.Build.0 = Release|Any CPU
		{45A29554-DCC7-42A8-951B-05C8CADA2847}.Debug|Any CPU.ActiveCfg = Debug|Any CPU
		{45A29554-DCC7-42A8-951B-05C8CADA2847}.Debug|Any CPU.Build.0 = Debug|Any CPU
		{45A29554-DCC7-42A8-951B-05C8CADA2847}.Release|Any CPU.ActiveCfg = Release|Any CPU
		{45A29554-DCC7-42A8-951B-05C8CADA2847}.Release|Any CPU.Build.0 = Release|Any CPU
	EndGlobalSection
	GlobalSection(SolutionProperties) = preSolution
		HideSolutionNode = FALSE
	EndGlobalSection
	GlobalSection(NestedProjects) = preSolution
		{A10E1956-964C-4C32-B12B-6782F5E9160B} = {ECCFC2C2-F61E-4D2F-8056-10192F237718}
		{BF1E845A-C1B0-4B78-869E-C0116F2C8A71} = {ECCFC2C2-F61E-4D2F-8056-10192F237718}
		{7F1527A2-0B77-485F-991D-7AE9FA7519EA} = {D7341AE9-8E91-4D93-83E1-C543DDC48954}
		{F8908330-81AC-4DC1-9D11-40C09F4E8ED2} = {D7341AE9-8E91-4D93-83E1-C543DDC48954}
		{45A29554-DCC7-42A8-951B-05C8CADA2847} = {D7341AE9-8E91-4D93-83E1-C543DDC48954}
	EndGlobalSection
	GlobalSection(ExtensibilityGlobals) = postSolution
		SolutionGuid = {B11DBF6C-74D4-494A-99AF-B44F815E481F}
	EndGlobalSection
EndGlobal
